
Microsoft Visual Studio Solution File, Format Version 12.00
# Visual Studio Version 17
VisualStudioVersion = 17.11.35222.181
MinimumVisualStudioVersion = 10.0.40219.1
Project("{FAE04EC0-301F-11D3-BF4B-00C04F79EFBC}") = "task_14", "task_14.csproj", "{DF511FB8-9FCC-4AC8-BC55-E4F3986C94E2}"
EndProject
Global
	GlobalSection(SolutionConfigurationPlatforms) = preSolution
		Debug|Any CPU = Debug|Any CPU
		Release|Any CPU = Release|Any CPU
	EndGlobalSection
	GlobalSection(ProjectConfigurationPlatforms) = postSolution
		{DF511FB8-9FCC-4AC8-BC55-E4F3986C94E2}.Debug|Any CPU.ActiveCfg = Debug|Any CPU
		{DF511FB8-9FCC-4AC8-BC55-E4F3986C94E2}.Debug|Any CPU.Build.0 = Debug|Any CPU
		{DF511FB8-9FCC-4AC8-BC55-E4F3986C94E2}.Release|Any CPU.ActiveCfg = Release|Any CPU
		{DF511FB8-9FCC-4AC8-BC55-E4F3986C94E2}.Release|Any CPU.Build.0 = Release|Any CPU
	EndGlobalSection
	GlobalSection(SolutionProperties) = preSolution
		HideSolutionNode = FALSE
	EndGlobalSection
	GlobalSection(ExtensibilityGlobals) = postSolution
		SolutionGuid = {B731AAE8-58B2-40ED-B14D-0704F285996D}
	EndGlobalSection
EndGlobal
