
Microsoft Visual Studio Solution File, Format Version 12.00
# Visual Studio Version 17
VisualStudioVersion = 17.11.35222.181
MinimumVisualStudioVersion = 10.0.40219.1
Project("{FAE04EC0-301F-11D3-BF4B-00C04F79EFBC}") = "task_15", "task_15.csproj", "{77472A3A-F42D-4D7F-B0F3-50E1028F0AD9}"
EndProject
Global
	GlobalSection(SolutionConfigurationPlatforms) = preSolution
		Debug|Any CPU = Debug|Any CPU
		Release|Any CPU = Release|Any CPU
	EndGlobalSection
	GlobalSection(ProjectConfigurationPlatforms) = postSolution
		{77472A3A-F42D-4D7F-B0F3-50E1028F0AD9}.Debug|Any CPU.ActiveCfg = Debug|Any CPU
		{77472A3A-F42D-4D7F-B0F3-50E1028F0AD9}.Debug|Any CPU.Build.0 = Debug|Any CPU
		{77472A3A-F42D-4D7F-B0F3-50E1028F0AD9}.Release|Any CPU.ActiveCfg = Release|Any CPU
		{77472A3A-F42D-4D7F-B0F3-50E1028F0AD9}.Release|Any CPU.Build.0 = Release|Any CPU
	EndGlobalSection
	GlobalSection(SolutionProperties) = preSolution
		HideSolutionNode = FALSE
	EndGlobalSection
	GlobalSection(ExtensibilityGlobals) = postSolution
		SolutionGuid = {22D25922-19B9-4201-9E4A-39C6A65E26C1}
	EndGlobalSection
EndGlobal
