
Microsoft Visual Studio Solution File, Format Version 12.00
# Visual Studio Version 17
VisualStudioVersion = 17.11.35222.181
MinimumVisualStudioVersion = 10.0.40219.1
Project("{FAE04EC0-301F-11D3-BF4B-00C04F79EFBC}") = "task_16", "task_16.csproj", "{DD932B48-D97B-4C25-BD14-24B34EEF1CDC}"
EndProject
Global
	GlobalSection(SolutionConfigurationPlatforms) = preSolution
		Debug|Any CPU = Debug|Any CPU
		Release|Any CPU = Release|Any CPU
	EndGlobalSection
	GlobalSection(ProjectConfigurationPlatforms) = postSolution
		{DD932B48-D97B-4C25-BD14-24B34EEF1CDC}.Debug|Any CPU.ActiveCfg = Debug|Any CPU
		{DD932B48-D97B-4C25-BD14-24B34EEF1CDC}.Debug|Any CPU.Build.0 = Debug|Any CPU
		{DD932B48-D97B-4C25-BD14-24B34EEF1CDC}.Release|Any CPU.ActiveCfg = Release|Any CPU
		{DD932B48-D97B-4C25-BD14-24B34EEF1CDC}.Release|Any CPU.Build.0 = Release|Any CPU
	EndGlobalSection
	GlobalSection(SolutionProperties) = preSolution
		HideSolutionNode = FALSE
	EndGlobalSection
	GlobalSection(ExtensibilityGlobals) = postSolution
		SolutionGuid = {99386BFB-017D-4F8C-86F1-1181F3D53AC7}
	EndGlobalSection
EndGlobal
