
Microsoft Visual Studio Solution File, Format Version 12.00
# Visual Studio Version 17
VisualStudioVersion = 17.11.35222.181
MinimumVisualStudioVersion = 10.0.40219.1
Project("{FAE04EC0-301F-11D3-BF4B-00C04F79EFBC}") = "task_3", "task_3.csproj", "{4E63B5AF-8A63-41F8-B6AC-0BA80BAA25D4}"
EndProject
Global
	GlobalSection(SolutionConfigurationPlatforms) = preSolution
		Debug|Any CPU = Debug|Any CPU
		Release|Any CPU = Release|Any CPU
	EndGlobalSection
	GlobalSection(ProjectConfigurationPlatforms) = postSolution
		{4E63B5AF-8A63-41F8-B6AC-0BA80BAA25D4}.Debug|Any CPU.ActiveCfg = Debug|Any CPU
		{4E63B5AF-8A63-41F8-B6AC-0BA80BAA25D4}.Debug|Any CPU.Build.0 = Debug|Any CPU
		{4E63B5AF-8A63-41F8-B6AC-0BA80BAA25D4}.Release|Any CPU.ActiveCfg = Release|Any CPU
		{4E63B5AF-8A63-41F8-B6AC-0BA80BAA25D4}.Release|Any CPU.Build.0 = Release|Any CPU
	EndGlobalSection
	GlobalSection(SolutionProperties) = preSolution
		HideSolutionNode = FALSE
	EndGlobalSection
	GlobalSection(ExtensibilityGlobals) = postSolution
		SolutionGuid = {6AF521AD-1D62-4B9A-8FC6-B345A74929C3}
	EndGlobalSection
EndGlobal
