
Microsoft Visual Studio Solution File, Format Version 12.00
# Visual Studio Version 17
VisualStudioVersion = 17.11.35222.181
MinimumVisualStudioVersion = 10.0.40219.1
Project("{FAE04EC0-301F-11D3-BF4B-00C04F79EFBC}") = "task_4", "task_4.csproj", "{088B482D-AD84-4688-8781-4A849A8DC45D}"
EndProject
Global
	GlobalSection(SolutionConfigurationPlatforms) = preSolution
		Debug|Any CPU = Debug|Any CPU
		Release|Any CPU = Release|Any CPU
	EndGlobalSection
	GlobalSection(ProjectConfigurationPlatforms) = postSolution
		{088B482D-AD84-4688-8781-4A849A8DC45D}.Debug|Any CPU.ActiveCfg = Debug|Any CPU
		{088B482D-AD84-4688-8781-4A849A8DC45D}.Debug|Any CPU.Build.0 = Debug|Any CPU
		{088B482D-AD84-4688-8781-4A849A8DC45D}.Release|Any CPU.ActiveCfg = Release|Any CPU
		{088B482D-AD84-4688-8781-4A849A8DC45D}.Release|Any CPU.Build.0 = Release|Any CPU
	EndGlobalSection
	GlobalSection(SolutionProperties) = preSolution
		HideSolutionNode = FALSE
	EndGlobalSection
	GlobalSection(ExtensibilityGlobals) = postSolution
		SolutionGuid = {8038D10B-C8C7-4C54-A71B-70980D9E1A54}
	EndGlobalSection
EndGlobal
